
Microsoft Visual Studio Solution File, Format Version 12.00
# Visual Studio 15
VisualStudioVersion = 15.0.28307.421
MinimumVisualStudioVersion = 10.0.40219.1
Project("{FAE04EC0-301F-11D3-BF4B-00C04F79EFBC}") = "PartyInvites", "PartyInvites\PartyInvites.csproj", "{8574FD4C-4DD2-497F-A4F2-5444958E2237}"
EndProject
Global
	GlobalSection(SolutionConfigurationPlatforms) = preSolution
		Debug|Any CPU = Debug|Any CPU
		Release|Any CPU = Release|Any CPU
	EndGlobalSection
	GlobalSection(ProjectConfigurationPlatforms) = postSolution
		{8574FD4C-4DD2-497F-A4F2-5444958E2237}.Debug|Any CPU.ActiveCfg = Debug|Any CPU
		{8574FD4C-4DD2-497F-A4F2-5444958E2237}.Debug|Any CPU.Build.0 = Debug|Any CPU
		{8574FD4C-4DD2-497F-A4F2-5444958E2237}.Release|Any CPU.ActiveCfg = Release|Any CPU
		{8574FD4C-4DD2-497F-A4F2-5444958E2237}.Release|Any CPU.Build.0 = Release|Any CPU
	EndGlobalSection
	GlobalSection(SolutionProperties) = preSolution
		HideSolutionNode = FALSE
	EndGlobalSection
	GlobalSection(ExtensibilityGlobals) = postSolution
		SolutionGuid = {7463BFD1-972B-4458-B362-E6B719CCB8C7}
	EndGlobalSection
EndGlobal
